
Microsoft Visual Studio Solution File, Format Version 12.00
# Visual Studio Version 17
VisualStudioVersion = 17.14.36908.2 d17.14
MinimumVisualStudioVersion = 10.0.40219.1
Project("{FAE04EC0-301F-11D3-BF4B-00C04F79EFBC}") = "oopbt228", "oopbt228\oopbt228.csproj", "{FB8491A0-673E-4722-B00D-9F69A5A6F448}"
EndProject
Global
	GlobalSection(SolutionConfigurationPlatforms) = preSolution
		Debug|Any CPU = Debug|Any CPU
		Release|Any CPU = Release|Any CPU
	EndGlobalSection
	GlobalSection(ProjectConfigurationPlatforms) = postSolution
		{FB8491A0-673E-4722-B00D-9F69A5A6F448}.Debug|Any CPU.ActiveCfg = Debug|Any CPU
		{FB8491A0-673E-4722-B00D-9F69A5A6F448}.Debug|Any CPU.Build.0 = Debug|Any CPU
		{FB8491A0-673E-4722-B00D-9F69A5A6F448}.Release|Any CPU.ActiveCfg = Release|Any CPU
		{FB8491A0-673E-4722-B00D-9F69A5A6F448}.Release|Any CPU.Build.0 = Release|Any CPU
	EndGlobalSection
	GlobalSection(SolutionProperties) = preSolution
		HideSolutionNode = FALSE
	EndGlobalSection
	GlobalSection(ExtensibilityGlobals) = postSolution
		SolutionGuid = {A5C21810-34BC-4DD5-A55A-DAA20A1E6F09}
	EndGlobalSection
EndGlobal
